{
  "name": "project16",
  "version": "1.0.0",
  "lockfileVersion": 3,
  "requires": true,
  "packages": {
    "": {
      "name": "project16",
      "version": "1.0.0",
      "license": "ISC",
      "devDependencies": {
        "@types/code": "^4.0.8"
      }
    },
    "node_modules/@types/code": {
      "version": "4.0.8",
      "resolved": "https://registry.npmjs.org/@types/code/-/code-4.0.8.tgz",
      "integrity": "sha512-eOxey9CsajWlP0h66P2ZaGHoGx0CpjNHlgirEFctZYDQ3frlIoHp/yV5Nq8cQMjKNvs5hySCE2JtFEvhXpOj6g==",
      "dev": true
    }
  }
}
